
Microsoft Visual Studio Solution File, Format Version 12.00
# Visual Studio Version 16
VisualStudioVersion = 16.0.31624.102
MinimumVisualStudioVersion = 10.0.40219.1
Project("{8BC9CEB8-8B4A-11D0-8D11-00A0C91BC942}") = "O2-4", "O2-4\O2.vcxproj", "{71CD1198-B2F6-46A0-BCEE-040325B39A63}"
EndProject
Project("{FAE04EC0-301F-11D3-BF4B-00C04F79EFBC}") = "K1", "K1\K1.csproj", "{C96CE947-40B5-4B55-B1DE-FAB81C293DE9}"
EndProject
Project("{FAE04EC0-301F-11D3-BF4B-00C04F79EFBC}") = "K2", "K2\K2.csproj", "{47593945-B0D1-4F48-BD9E-5E7FEBDACC23}"
EndProject
Project("{FAE04EC0-301F-11D3-BF4B-00C04F79EFBC}") = "K3", "K3\K3.csproj", "{0B8C3A8C-404C-4B65-A116-DF46AD78E6DA}"
EndProject
Project("{8BC9CEB8-8B4A-11D0-8D11-00A0C91BC942}") = "O4-end", "O4-end\O4.vcxproj", "{F8199D23-2723-45B6-8165-B138D35016A4}"
EndProject
Project("{FAE04EC0-301F-11D3-BF4B-00C04F79EFBC}") = "K4", "K4\K4.csproj", "{11DE2F91-A18A-43D8-9AE3-272C55F598FC}"
EndProject
Project("{FAE04EC0-301F-11D3-BF4B-00C04F79EFBC}") = "K5", "K5\K5.csproj", "{2023A35A-8BAD-48DA-BC14-869EC789DD7F}"
EndProject
Project("{FAE04EC0-301F-11D3-BF4B-00C04F79EFBC}") = "K6", "K6\K6.csproj", "{D1B760C7-E621-4A06-8D27-A9691977729A}"
EndProject
Project("{FAE04EC0-301F-11D3-BF4B-00C04F79EFBC}") = "K7", "K7\K7.csproj", "{BBFC9277-59F9-4D36-9090-B5D4F7D4837B}"
EndProject
Project("{FAE04EC0-301F-11D3-BF4B-00C04F79EFBC}") = "K8", "K8\K8.csproj", "{BD522B53-2025-4CA7-AEB5-C834EECBBE83}"
EndProject
Project("{FAE04EC0-301F-11D3-BF4B-00C04F79EFBC}") = "T1-8", "T1-8\T1-8.csproj", "{FB70003A-F472-4973-B67F-345B88A0F876}"
EndProject
Global
	GlobalSection(SolutionConfigurationPlatforms) = preSolution
		Debug|Any CPU = Debug|Any CPU
		Debug|x64 = Debug|x64
		Debug|x86 = Debug|x86
		Release|Any CPU = Release|Any CPU
		Release|x64 = Release|x64
		Release|x86 = Release|x86
	EndGlobalSection
	GlobalSection(ProjectConfigurationPlatforms) = postSolution
		{71CD1198-B2F6-46A0-BCEE-040325B39A63}.Debug|Any CPU.ActiveCfg = Debug|Win32
		{71CD1198-B2F6-46A0-BCEE-040325B39A63}.Debug|x64.ActiveCfg = Debug|x64
		{71CD1198-B2F6-46A0-BCEE-040325B39A63}.Debug|x64.Build.0 = Debug|x64
		{71CD1198-B2F6-46A0-BCEE-040325B39A63}.Debug|x86.ActiveCfg = Debug|Win32
		{71CD1198-B2F6-46A0-BCEE-040325B39A63}.Debug|x86.Build.0 = Debug|Win32
		{71CD1198-B2F6-46A0-BCEE-040325B39A63}.Release|Any CPU.ActiveCfg = Release|Win32
		{71CD1198-B2F6-46A0-BCEE-040325B39A63}.Release|x64.ActiveCfg = Release|x64
		{71CD1198-B2F6-46A0-BCEE-040325B39A63}.Release|x64.Build.0 = Release|x64
		{71CD1198-B2F6-46A0-BCEE-040325B39A63}.Release|x86.ActiveCfg = Release|Win32
		{71CD1198-B2F6-46A0-BCEE-040325B39A63}.Release|x86.Build.0 = Release|Win32
		{C96CE947-40B5-4B55-B1DE-FAB81C293DE9}.Debug|Any CPU.ActiveCfg = Debug|Any CPU
		{C96CE947-40B5-4B55-B1DE-FAB81C293DE9}.Debug|Any CPU.Build.0 = Debug|Any CPU
		{C96CE947-40B5-4B55-B1DE-FAB81C293DE9}.Debug|x64.ActiveCfg = Debug|Any CPU
		{C96CE947-40B5-4B55-B1DE-FAB81C293DE9}.Debug|x64.Build.0 = Debug|Any CPU
		{C96CE947-40B5-4B55-B1DE-FAB81C293DE9}.Debug|x86.ActiveCfg = Debug|Any CPU
		{C96CE947-40B5-4B55-B1DE-FAB81C293DE9}.Debug|x86.Build.0 = Debug|Any CPU
		{C96CE947-40B5-4B55-B1DE-FAB81C293DE9}.Release|Any CPU.ActiveCfg = Release|Any CPU
		{C96CE947-40B5-4B55-B1DE-FAB81C293DE9}.Release|Any CPU.Build.0 = Release|Any CPU
		{C96CE947-40B5-4B55-B1DE-FAB81C293DE9}.Release|x64.ActiveCfg = Release|Any CPU
		{C96CE947-40B5-4B55-B1DE-FAB81C293DE9}.Release|x64.Build.0 = Release|Any CPU
		{C96CE947-40B5-4B55-B1DE-FAB81C293DE9}.Release|x86.ActiveCfg = Release|Any CPU
		{C96CE947-40B5-4B55-B1DE-FAB81C293DE9}.Release|x86.Build.0 = Release|Any CPU
		{47593945-B0D1-4F48-BD9E-5E7FEBDACC23}.Debug|Any CPU.ActiveCfg = Debug|Any CPU
		{47593945-B0D1-4F48-BD9E-5E7FEBDACC23}.Debug|Any CPU.Build.0 = Debug|Any CPU
		{47593945-B0D1-4F48-BD9E-5E7FEBDACC23}.Debug|x64.ActiveCfg = Debug|Any CPU
		{47593945-B0D1-4F48-BD9E-5E7FEBDACC23}.Debug|x64.Build.0 = Debug|Any CPU
		{47593945-B0D1-4F48-BD9E-5E7FEBDACC23}.Debug|x86.ActiveCfg = Debug|Any CPU
		{47593945-B0D1-4F48-BD9E-5E7FEBDACC23}.Debug|x86.Build.0 = Debug|Any CPU
		{47593945-B0D1-4F48-BD9E-5E7FEBDACC23}.Release|Any CPU.ActiveCfg = Release|Any CPU
		{47593945-B0D1-4F48-BD9E-5E7FEBDACC23}.Release|Any CPU.Build.0 = Release|Any CPU
		{47593945-B0D1-4F48-BD9E-5E7FEBDACC23}.Release|x64.ActiveCfg = Release|Any CPU
		{47593945-B0D1-4F48-BD9E-5E7FEBDACC23}.Release|x64.Build.0 = Release|Any CPU
		{47593945-B0D1-4F48-BD9E-5E7FEBDACC23}.Release|x86.ActiveCfg = Release|Any CPU
		{47593945-B0D1-4F48-BD9E-5E7FEBDACC23}.Release|x86.Build.0 = Release|Any CPU
		{0B8C3A8C-404C-4B65-A116-DF46AD78E6DA}.Debug|Any CPU.ActiveCfg = Debug|Any CPU
		{0B8C3A8C-404C-4B65-A116-DF46AD78E6DA}.Debug|Any CPU.Build.0 = Debug|Any CPU
		{0B8C3A8C-404C-4B65-A116-DF46AD78E6DA}.Debug|x64.ActiveCfg = Debug|Any CPU
		{0B8C3A8C-404C-4B65-A116-DF46AD78E6DA}.Debug|x64.Build.0 = Debug|Any CPU
		{0B8C3A8C-404C-4B65-A116-DF46AD78E6DA}.Debug|x86.ActiveCfg = Debug|Any CPU
		{0B8C3A8C-404C-4B65-A116-DF46AD78E6DA}.Debug|x86.Build.0 = Debug|Any CPU
		{0B8C3A8C-404C-4B65-A116-DF46AD78E6DA}.Release|Any CPU.ActiveCfg = Release|Any CPU
		{0B8C3A8C-404C-4B65-A116-DF46AD78E6DA}.Release|Any CPU.Build.0 = Release|Any CPU
		{0B8C3A8C-404C-4B65-A116-DF46AD78E6DA}.Release|x64.ActiveCfg = Release|Any CPU
		{0B8C3A8C-404C-4B65-A116-DF46AD78E6DA}.Release|x64.Build.0 = Release|Any CPU
		{0B8C3A8C-404C-4B65-A116-DF46AD78E6DA}.Release|x86.ActiveCfg = Release|Any CPU
		{0B8C3A8C-404C-4B65-A116-DF46AD78E6DA}.Release|x86.Build.0 = Release|Any CPU
		{F8199D23-2723-45B6-8165-B138D35016A4}.Debug|Any CPU.ActiveCfg = Debug|Win32
		{F8199D23-2723-45B6-8165-B138D35016A4}.Debug|x64.ActiveCfg = Debug|x64
		{F8199D23-2723-45B6-8165-B138D35016A4}.Debug|x64.Build.0 = Debug|x64
		{F8199D23-2723-45B6-8165-B138D35016A4}.Debug|x86.ActiveCfg = Debug|Win32
		{F8199D23-2723-45B6-8165-B138D35016A4}.Debug|x86.Build.0 = Debug|Win32
		{F8199D23-2723-45B6-8165-B138D35016A4}.Release|Any CPU.ActiveCfg = Release|Win32
		{F8199D23-2723-45B6-8165-B138D35016A4}.Release|x64.ActiveCfg = Release|x64
		{F8199D23-2723-45B6-8165-B138D35016A4}.Release|x64.Build.0 = Release|x64
		{F8199D23-2723-45B6-8165-B138D35016A4}.Release|x86.ActiveCfg = Release|Win32
		{F8199D23-2723-45B6-8165-B138D35016A4}.Release|x86.Build.0 = Release|Win32
		{11DE2F91-A18A-43D8-9AE3-272C55F598FC}.Debug|Any CPU.ActiveCfg = Debug|Any CPU
		{11DE2F91-A18A-43D8-9AE3-272C55F598FC}.Debug|Any CPU.Build.0 = Debug|Any CPU
		{11DE2F91-A18A-43D8-9AE3-272C55F598FC}.Debug|x64.ActiveCfg = Debug|Any CPU
		{11DE2F91-A18A-43D8-9AE3-272C55F598FC}.Debug|x64.Build.0 = Debug|Any CPU
		{11DE2F91-A18A-43D8-9AE3-272C55F598FC}.Debug|x86.ActiveCfg = Debug|Any CPU
		{11DE2F91-A18A-43D8-9AE3-272C55F598FC}.Debug|x86.Build.0 = Debug|Any CPU
		{11DE2F91-A18A-43D8-9AE3-272C55F598FC}.Release|Any CPU.ActiveCfg = Release|Any CPU
		{11DE2F91-A18A-43D8-9AE3-272C55F598FC}.Release|Any CPU.Build.0 = Release|Any CPU
		{11DE2F91-A18A-43D8-9AE3-272C55F598FC}.Release|x64.ActiveCfg = Release|Any CPU
		{11DE2F91-A18A-43D8-9AE3-272C55F598FC}.Release|x64.Build.0 = Release|Any CPU
		{11DE2F91-A18A-43D8-9AE3-272C55F598FC}.Release|x86.ActiveCfg = Release|Any CPU
		{11DE2F91-A18A-43D8-9AE3-272C55F598FC}.Release|x86.Build.0 = Release|Any CPU
		{2023A35A-8BAD-48DA-BC14-869EC789DD7F}.Debug|Any CPU.ActiveCfg = Debug|Any CPU
		{2023A35A-8BAD-48DA-BC14-869EC789DD7F}.Debug|Any CPU.Build.0 = Debug|Any CPU
		{2023A35A-8BAD-48DA-BC14-869EC789DD7F}.Debug|x64.ActiveCfg = Debug|Any CPU
		{2023A35A-8BAD-48DA-BC14-869EC789DD7F}.Debug|x64.Build.0 = Debug|Any CPU
		{2023A35A-8BAD-48DA-BC14-869EC789DD7F}.Debug|x86.ActiveCfg = Debug|Any CPU
		{2023A35A-8BAD-48DA-BC14-869EC789DD7F}.Debug|x86.Build.0 = Debug|Any CPU
		{2023A35A-8BAD-48DA-BC14-869EC789DD7F}.Release|Any CPU.ActiveCfg = Release|Any CPU
		{2023A35A-8BAD-48DA-BC14-869EC789DD7F}.Release|Any CPU.Build.0 = Release|Any CPU
		{2023A35A-8BAD-48DA-BC14-869EC789DD7F}.Release|x64.ActiveCfg = Release|Any CPU
		{2023A35A-8BAD-48DA-BC14-869EC789DD7F}.Release|x64.Build.0 = Release|Any CPU
		{2023A35A-8BAD-48DA-BC14-869EC789DD7F}.Release|x86.ActiveCfg = Release|Any CPU
		{2023A35A-8BAD-48DA-BC14-869EC789DD7F}.Release|x86.Build.0 = Release|Any CPU
		{D1B760C7-E621-4A06-8D27-A9691977729A}.Debug|Any CPU.ActiveCfg = Debug|Any CPU
		{D1B760C7-E621-4A06-8D27-A9691977729A}.Debug|Any CPU.Build.0 = Debug|Any CPU
		{D1B760C7-E621-4A06-8D27-A9691977729A}.Debug|x64.ActiveCfg = Debug|Any CPU
		{D1B760C7-E621-4A06-8D27-A9691977729A}.Debug|x64.Build.0 = Debug|Any CPU
		{D1B760C7-E621-4A06-8D27-A9691977729A}.Debug|x86.ActiveCfg = Debug|Any CPU
		{D1B760C7-E621-4A06-8D27-A9691977729A}.Debug|x86.Build.0 = Debug|Any CPU
		{D1B760C7-E621-4A06-8D27-A9691977729A}.Release|Any CPU.ActiveCfg = Release|Any CPU
		{D1B760C7-E621-4A06-8D27-A9691977729A}.Release|Any CPU.Build.0 = Release|Any CPU
		{D1B760C7-E621-4A06-8D27-A9691977729A}.Release|x64.ActiveCfg = Release|Any CPU
		{D1B760C7-E621-4A06-8D27-A9691977729A}.Release|x64.Build.0 = Release|Any CPU
		{D1B760C7-E621-4A06-8D27-A9691977729A}.Release|x86.ActiveCfg = Release|Any CPU
		{D1B760C7-E621-4A06-8D27-A9691977729A}.Release|x86.Build.0 = Release|Any CPU
		{BBFC9277-59F9-4D36-9090-B5D4F7D4837B}.Debug|Any CPU.ActiveCfg = Debug|Any CPU
		{BBFC9277-59F9-4D36-9090-B5D4F7D4837B}.Debug|Any CPU.Build.0 = Debug|Any CPU
		{BBFC9277-59F9-4D36-9090-B5D4F7D4837B}.Debug|x64.ActiveCfg = Debug|Any CPU
		{BBFC9277-59F9-4D36-9090-B5D4F7D4837B}.Debug|x64.Build.0 = Debug|Any CPU
		{BBFC9277-59F9-4D36-9090-B5D4F7D4837B}.Debug|x86.ActiveCfg = Debug|Any CPU
		{BBFC9277-59F9-4D36-9090-B5D4F7D4837B}.Debug|x86.Build.0 = Debug|Any CPU
		{BBFC9277-59F9-4D36-9090-B5D4F7D4837B}.Release|Any CPU.ActiveCfg = Release|Any CPU
		{BBFC9277-59F9-4D36-9090-B5D4F7D4837B}.Release|Any CPU.Build.0 = Release|Any CPU
		{BBFC9277-59F9-4D36-9090-B5D4F7D4837B}.Release|x64.ActiveCfg = Release|Any CPU
		{BBFC9277-59F9-4D36-9090-B5D4F7D4837B}.Release|x64.Build.0 = Release|Any CPU
		{BBFC9277-59F9-4D36-9090-B5D4F7D4837B}.Release|x86.ActiveCfg = Release|Any CPU
		{BBFC9277-59F9-4D36-9090-B5D4F7D4837B}.Release|x86.Build.0 = Release|Any CPU
		{BD522B53-2025-4CA7-AEB5-C834EECBBE83}.Debug|Any CPU.ActiveCfg = Debug|Any CPU
		{BD522B53-2025-4CA7-AEB5-C834EECBBE83}.Debug|Any CPU.Build.0 = Debug|Any CPU
		{BD522B53-2025-4CA7-AEB5-C834EECBBE83}.Debug|x64.ActiveCfg = Debug|Any CPU
		{BD522B53-2025-4CA7-AEB5-C834EECBBE83}.Debug|x64.Build.0 = Debug|Any CPU
		{BD522B53-2025-4CA7-AEB5-C834EECBBE83}.Debug|x86.ActiveCfg = Debug|Any CPU
		{BD522B53-2025-4CA7-AEB5-C834EECBBE83}.Debug|x86.Build.0 = Debug|Any CPU
		{BD522B53-2025-4CA7-AEB5-C834EECBBE83}.Release|Any CPU.ActiveCfg = Release|Any CPU
		{BD522B53-2025-4CA7-AEB5-C834EECBBE83}.Release|Any CPU.Build.0 = Release|Any CPU
		{BD522B53-2025-4CA7-AEB5-C834EECBBE83}.Release|x64.ActiveCfg = Release|Any CPU
		{BD522B53-2025-4CA7-AEB5-C834EECBBE83}.Release|x64.Build.0 = Release|Any CPU
		{BD522B53-2025-4CA7-AEB5-C834EECBBE83}.Release|x86.ActiveCfg = Release|Any CPU
		{BD522B53-2025-4CA7-AEB5-C834EECBBE83}.Release|x86.Build.0 = Release|Any CPU
		{FB70003A-F472-4973-B67F-345B88A0F876}.Debug|Any CPU.ActiveCfg = Debug|Any CPU
		{FB70003A-F472-4973-B67F-345B88A0F876}.Debug|Any CPU.Build.0 = Debug|Any CPU
		{FB70003A-F472-4973-B67F-345B88A0F876}.Debug|x64.ActiveCfg = Debug|Any CPU
		{FB70003A-F472-4973-B67F-345B88A0F876}.Debug|x64.Build.0 = Debug|Any CPU
		{FB70003A-F472-4973-B67F-345B88A0F876}.Debug|x86.ActiveCfg = Debug|Any CPU
		{FB70003A-F472-4973-B67F-345B88A0F876}.Debug|x86.Build.0 = Debug|Any CPU
		{FB70003A-F472-4973-B67F-345B88A0F876}.Release|Any CPU.ActiveCfg = Release|Any CPU
		{FB70003A-F472-4973-B67F-345B88A0F876}.Release|Any CPU.Build.0 = Release|Any CPU
		{FB70003A-F472-4973-B67F-345B88A0F876}.Release|x64.ActiveCfg = Release|Any CPU
		{FB70003A-F472-4973-B67F-345B88A0F876}.Release|x64.Build.0 = Release|Any CPU
		{FB70003A-F472-4973-B67F-345B88A0F876}.Release|x86.ActiveCfg = Release|Any CPU
		{FB70003A-F472-4973-B67F-345B88A0F876}.Release|x86.Build.0 = Release|Any CPU
	EndGlobalSection
	GlobalSection(SolutionProperties) = preSolution
		HideSolutionNode = FALSE
	EndGlobalSection
	GlobalSection(ExtensibilityGlobals) = postSolution
		SolutionGuid = {0FAD05C1-E54A-40E7-84D9-43651C8213BC}
	EndGlobalSection
EndGlobal
